# This file was autogenerated by Stack.
# You should not edit this file by hand.
# For more information, please see the documentation at:
#   https://docs.haskellstack.org/en/stable/lock_files

packages:
- completed:
    hackage: gitlib-3.1.2@sha256:0f7142d8d58f7717242d65238e8814f17f9bbe7224a463adf34f75262c536227,2949
    pantry-tree:
      size: 982
      sha256: 6a6fad020f023be98bddcbcca7ba1c97d9e606f768b6ca6e845ad18285c89748
  original:
    hackage: gitlib-3.1.2@sha256:0f7142d8d58f7717242d65238e8814f17f9bbe7224a463adf34f75262c536227,2949
- completed:
    hackage: gitlib-libgit2-3.1.2.1@sha256:36bc92f117158440ca69e32051aabdf9df75be8a3fb5f45dff8828898e615a0a,2354
    pantry-tree:
      size: 516
      sha256: 47695cdeb7c1fb95a5c4bfd21bf46014554ccdd1e5059d5558a0348042044f39
  original:
    hackage: gitlib-libgit2-3.1.2.1@sha256:36bc92f117158440ca69e32051aabdf9df75be8a3fb5f45dff8828898e615a0a,2354
- completed:
    hackage: polysemy-1.2.3.0@sha256:d9cfa7942940c7c6d07d1f26ae70c4f1170f9bd6c331bdbe586e810fafc25f17,5878
    pantry-tree:
      size: 3625
      sha256: a54b1b565848944e37a5533bd91e91ecb7cdfa21294ba599c13d015d354c4f39
  original:
    hackage: polysemy-1.2.3.0@sha256:d9cfa7942940c7c6d07d1f26ae70c4f1170f9bd6c331bdbe586e810fafc25f17,5878
- completed:
    hackage: reason-export-0.1.2.0@sha256:0b2747ef19bf6f3c8a305b5ad55e9fa19c917d96ef7d6bf4a238402338418f09,2823
    pantry-tree:
      size: 3090
      sha256: e9f0cfffe9d07897f680813c5c893e8bd065abb4b34e90334ed14aa39fc422bb
  original:
    hackage: reason-export-0.1.2.0@sha256:0b2747ef19bf6f3c8a305b5ad55e9fa19c917d96ef7d6bf4a238402338418f09,2823
- completed:
    hackage: servant-reason-0.1.2.0@sha256:f151c407f488017cf1ecdf834db957162a2e70d9ce03f104cad5a43b8a079674,2987
    pantry-tree:
      size: 1700
      sha256: 3ed4bcc14f75ee9093b6bdc43b66bbf00e24904b4302be052359c233d0914e9a
  original:
    hackage: servant-reason-0.1.2.0@sha256:f151c407f488017cf1ecdf834db957162a2e70d9ce03f104cad5a43b8a079674,2987
snapshots:
- completed:
    size: 524154
    url: https://raw.githubusercontent.com/commercialhaskell/stackage-snapshots/master/lts/14/20.yaml
    sha256: 2f5099f69ddb6abfe64400fe1e6a604e8e628f55e6837211cd70a81eb0a8fa4d
  original: lts-14.20
